{
  "name": "sori-cut",
  "version": "0.1.0",
  "lockfileVersion": 3,
  "requires": true,
  "packages": {
    "": {
      "name": "sori-cut",
      "version": "0.1.0",
      "license": "MIT",
      "dependencies": {
        "idb": "^8.0.3"
      }
    },
    "node_modules/idb": {
      "version": "8.0.3",
      "resolved": "https://ms-feed-12.pkgs.visualstudio.com/1es-public/_packaging/npm-public/npm/registry/idb/-/idb-8.0.3.tgz",
      "integrity": "sha1-yR5VjxWo1T8df1OglNIm/DrXH9k="
    }
  }
}
